
Microsoft Visual Studio Solution File, Format Version 12.00
# Visual Studio Version 17
VisualStudioVersion = 17.4.33213.308
MinimumVisualStudioVersion = 10.0.40219.1
Project("{888888A0-9F3D-457C-B088-3A5042F75D52}") = "微信信息自动录入", "微信信息自动录入\微信信息自动录入.pyproj", "{E8C13CC2-35FB-4588-B962-A026F251BAF2}"
EndProject
Global
	GlobalSection(SolutionConfigurationPlatforms) = preSolution
		Debug|Any CPU = Debug|Any CPU
		Release|Any CPU = Release|Any CPU
	EndGlobalSection
	GlobalSection(ProjectConfigurationPlatforms) = postSolution
		{E8C13CC2-35FB-4588-B962-A026F251BAF2}.Debug|Any CPU.ActiveCfg = Debug|Any CPU
		{E8C13CC2-35FB-4588-B962-A026F251BAF2}.Release|Any CPU.ActiveCfg = Release|Any CPU
	EndGlobalSection
	GlobalSection(SolutionProperties) = preSolution
		HideSolutionNode = FALSE
	EndGlobalSection
	GlobalSection(ExtensibilityGlobals) = postSolution
		SolutionGuid = {5FFD5BFE-3060-4DC9-9784-D0070053DA62}
	EndGlobalSection
EndGlobal
